
Microsoft Visual Studio Solution File, Format Version 11.00
# Visual Studio 2010
Project("{FAE04EC0-301F-11D3-BF4B-00C04F79EFBC}") = "Specifications.AutoMocking", "Specifications.AutoMocking\Specifications.AutoMocking.csproj", "{018BBBCD-B162-47EA-BF1A-03C568EEC7C8}"
EndProject
Project("{FAE04EC0-301F-11D3-BF4B-00C04F79EFBC}") = "Specifications.AutoMocking.Specs", "Specifications.AutoMocking.Specs\Specifications.AutoMocking.Specs.csproj", "{02FC5C15-6549-4A1A-8108-3BDF79033877}"
EndProject
Project("{FAE04EC0-301F-11D3-BF4B-00C04F79EFBC}") = "NUnit.Specifications.AutoMocking", "NUnit.Specifications.AutoMocking\NUnit.Specifications.AutoMocking.csproj", "{8F38B187-3688-45CC-9646-3E088C5C8269}"
EndProject
Project("{FAE04EC0-301F-11D3-BF4B-00C04F79EFBC}") = "NUnit.Specifications.AutoMocking.Example", "NUnit.Specifications.AutoMocking.Example\NUnit.Specifications.AutoMocking.Example.csproj", "{FBD1B91B-6BA0-4CBE-A36A-54A488E0231F}"
EndProject
Project("{FAE04EC0-301F-11D3-BF4B-00C04F79EFBC}") = "Xunit.Specifications.AutoMocking", "Xunit.Specifications.AutoMocking\Xunit.Specifications.AutoMocking.csproj", "{DBA85B5B-7EE2-4B96-8FB8-DEDBBDFF1D0E}"
EndProject
Project("{FAE04EC0-301F-11D3-BF4B-00C04F79EFBC}") = "Xunit.Specifications.AutoMocking.Examples", "Xunit.Specifications.AutoMocking.Examples\Xunit.Specifications.AutoMocking.Examples.csproj", "{D3F5D425-2913-415E-98A5-4404A6F15329}"
EndProject
Global
	GlobalSection(SolutionConfigurationPlatforms) = preSolution
		Debug|Any CPU = Debug|Any CPU
		Release|Any CPU = Release|Any CPU
	EndGlobalSection
	GlobalSection(ProjectConfigurationPlatforms) = postSolution
		{018BBBCD-B162-47EA-BF1A-03C568EEC7C8}.Debug|Any CPU.ActiveCfg = Debug|Any CPU
		{018BBBCD-B162-47EA-BF1A-03C568EEC7C8}.Debug|Any CPU.Build.0 = Debug|Any CPU
		{018BBBCD-B162-47EA-BF1A-03C568EEC7C8}.Release|Any CPU.ActiveCfg = Release|Any CPU
		{018BBBCD-B162-47EA-BF1A-03C568EEC7C8}.Release|Any CPU.Build.0 = Release|Any CPU
		{02FC5C15-6549-4A1A-8108-3BDF79033877}.Debug|Any CPU.ActiveCfg = Debug|Any CPU
		{02FC5C15-6549-4A1A-8108-3BDF79033877}.Debug|Any CPU.Build.0 = Debug|Any CPU
		{02FC5C15-6549-4A1A-8108-3BDF79033877}.Release|Any CPU.ActiveCfg = Release|Any CPU
		{02FC5C15-6549-4A1A-8108-3BDF79033877}.Release|Any CPU.Build.0 = Release|Any CPU
		{8F38B187-3688-45CC-9646-3E088C5C8269}.Debug|Any CPU.ActiveCfg = Debug|Any CPU
		{8F38B187-3688-45CC-9646-3E088C5C8269}.Debug|Any CPU.Build.0 = Debug|Any CPU
		{8F38B187-3688-45CC-9646-3E088C5C8269}.Release|Any CPU.ActiveCfg = Release|Any CPU
		{8F38B187-3688-45CC-9646-3E088C5C8269}.Release|Any CPU.Build.0 = Release|Any CPU
		{FBD1B91B-6BA0-4CBE-A36A-54A488E0231F}.Debug|Any CPU.ActiveCfg = Debug|Any CPU
		{FBD1B91B-6BA0-4CBE-A36A-54A488E0231F}.Debug|Any CPU.Build.0 = Debug|Any CPU
		{FBD1B91B-6BA0-4CBE-A36A-54A488E0231F}.Release|Any CPU.ActiveCfg = Release|Any CPU
		{FBD1B91B-6BA0-4CBE-A36A-54A488E0231F}.Release|Any CPU.Build.0 = Release|Any CPU
		{DBA85B5B-7EE2-4B96-8FB8-DEDBBDFF1D0E}.Debug|Any CPU.ActiveCfg = Debug|Any CPU
		{DBA85B5B-7EE2-4B96-8FB8-DEDBBDFF1D0E}.Debug|Any CPU.Build.0 = Debug|Any CPU
		{DBA85B5B-7EE2-4B96-8FB8-DEDBBDFF1D0E}.Release|Any CPU.ActiveCfg = Release|Any CPU
		{DBA85B5B-7EE2-4B96-8FB8-DEDBBDFF1D0E}.Release|Any CPU.Build.0 = Release|Any CPU
		{D3F5D425-2913-415E-98A5-4404A6F15329}.Debug|Any CPU.ActiveCfg = Debug|Any CPU
		{D3F5D425-2913-415E-98A5-4404A6F15329}.Debug|Any CPU.Build.0 = Debug|Any CPU
		{D3F5D425-2913-415E-98A5-4404A6F15329}.Release|Any CPU.ActiveCfg = Release|Any CPU
		{D3F5D425-2913-415E-98A5-4404A6F15329}.Release|Any CPU.Build.0 = Release|Any CPU
	EndGlobalSection
	GlobalSection(SolutionProperties) = preSolution
		HideSolutionNode = FALSE
	EndGlobalSection
EndGlobal
